
Microsoft Visual Studio Solution File, Format Version 12.00
# Visual Studio Version 17
VisualStudioVersion = 17.4.33103.184
MinimumVisualStudioVersion = 10.0.40219.1
Project("{9A19103F-16F7-4668-BE54-9A1E7A4F7556}") = "ByteShop.Infrastructure", "ByteShop.Infrastructure\ByteShop.Infrastructure.csproj", "{148D0E29-8A94-4386-99B0-B3AAFE6C9732}"
EndProject
Project("{9A19103F-16F7-4668-BE54-9A1E7A4F7556}") = "ByteShop.API", "ByteShop.API\ByteShop.API.csproj", "{A09AE135-B483-4B75-9958-05AF7EC739EC}"
EndProject
Project("{9A19103F-16F7-4668-BE54-9A1E7A4F7556}") = "ByteShop.Application", "ByteShop.Application\ByteShop.Application.csproj", "{9CC036AB-87EC-480C-9245-10A76537AFDC}"
EndProject
Project("{9A19103F-16F7-4668-BE54-9A1E7A4F7556}") = "ByteShop.Exceptions", "ByteShop.Exceptions\ByteShop.Exceptions.csproj", "{4905514E-39A0-407C-A771-AA3194206B17}"
EndProject
Project("{9A19103F-16F7-4668-BE54-9A1E7A4F7556}") = "ByteShop.Domain", "ByteShop.Domain\ByteShop.Domain.csproj", "{8054EB00-BE68-49B3-88B4-1F3F07644B47}"
EndProject
Project("{2150E333-8FDC-42A3-9474-1A3956D46DE8}") = "back-end", "back-end", "{A69CAFF6-577D-442B-B1AA-562A1F734AF1}"
EndProject
Project("{2150E333-8FDC-42A3-9474-1A3956D46DE8}") = "tests", "tests", "{5FA8877A-52D6-4FBA-8A3B-865A8D2A44E8}"
EndProject
Project("{9A19103F-16F7-4668-BE54-9A1E7A4F7556}") = "Validators.Test", "..\..\tests\Validators.Test\Validators.Test.csproj", "{03AB4F37-3BC8-445F-AF40-07574D6303F3}"
EndProject
Project("{9A19103F-16F7-4668-BE54-9A1E7A4F7556}") = "Utilities", "..\..\tests\Utilities\Utilities.csproj", "{7F791F8D-1B01-4192-B956-592F4E232CF2}"
EndProject
Project("{9A19103F-16F7-4668-BE54-9A1E7A4F7556}") = "Handlers.Test", "..\..\tests\Handlers.Test\Handlers.Test.csproj", "{E357C4CD-5D5E-4A80-BD07-8C6BC559A6CA}"
EndProject
Project("{FAE04EC0-301F-11D3-BF4B-00C04F79EFBC}") = "Domain.Test", "..\..\tests\Domain.Test\Domain.Test.csproj", "{90351CC2-1058-4179-8680-4E9793AF0133}"
EndProject
Global
	GlobalSection(SolutionConfigurationPlatforms) = preSolution
		Debug|Any CPU = Debug|Any CPU
		Release|Any CPU = Release|Any CPU
	EndGlobalSection
	GlobalSection(ProjectConfigurationPlatforms) = postSolution
		{148D0E29-8A94-4386-99B0-B3AAFE6C9732}.Debug|Any CPU.ActiveCfg = Debug|Any CPU
		{148D0E29-8A94-4386-99B0-B3AAFE6C9732}.Debug|Any CPU.Build.0 = Debug|Any CPU
		{148D0E29-8A94-4386-99B0-B3AAFE6C9732}.Release|Any CPU.ActiveCfg = Release|Any CPU
		{148D0E29-8A94-4386-99B0-B3AAFE6C9732}.Release|Any CPU.Build.0 = Release|Any CPU
		{A09AE135-B483-4B75-9958-05AF7EC739EC}.Debug|Any CPU.ActiveCfg = Debug|Any CPU
		{A09AE135-B483-4B75-9958-05AF7EC739EC}.Debug|Any CPU.Build.0 = Debug|Any CPU
		{A09AE135-B483-4B75-9958-05AF7EC739EC}.Release|Any CPU.ActiveCfg = Release|Any CPU
		{A09AE135-B483-4B75-9958-05AF7EC739EC}.Release|Any CPU.Build.0 = Release|Any CPU
		{9CC036AB-87EC-480C-9245-10A76537AFDC}.Debug|Any CPU.ActiveCfg = Debug|Any CPU
		{9CC036AB-87EC-480C-9245-10A76537AFDC}.Debug|Any CPU.Build.0 = Debug|Any CPU
		{9CC036AB-87EC-480C-9245-10A76537AFDC}.Release|Any CPU.ActiveCfg = Release|Any CPU
		{9CC036AB-87EC-480C-9245-10A76537AFDC}.Release|Any CPU.Build.0 = Release|Any CPU
		{4905514E-39A0-407C-A771-AA3194206B17}.Debug|Any CPU.ActiveCfg = Debug|Any CPU
		{4905514E-39A0-407C-A771-AA3194206B17}.Debug|Any CPU.Build.0 = Debug|Any CPU
		{4905514E-39A0-407C-A771-AA3194206B17}.Release|Any CPU.ActiveCfg = Release|Any CPU
		{4905514E-39A0-407C-A771-AA3194206B17}.Release|Any CPU.Build.0 = Release|Any CPU
		{8054EB00-BE68-49B3-88B4-1F3F07644B47}.Debug|Any CPU.ActiveCfg = Debug|Any CPU
		{8054EB00-BE68-49B3-88B4-1F3F07644B47}.Debug|Any CPU.Build.0 = Debug|Any CPU
		{8054EB00-BE68-49B3-88B4-1F3F07644B47}.Release|Any CPU.ActiveCfg = Release|Any CPU
		{8054EB00-BE68-49B3-88B4-1F3F07644B47}.Release|Any CPU.Build.0 = Release|Any CPU
		{03AB4F37-3BC8-445F-AF40-07574D6303F3}.Debug|Any CPU.ActiveCfg = Debug|Any CPU
		{03AB4F37-3BC8-445F-AF40-07574D6303F3}.Debug|Any CPU.Build.0 = Debug|Any CPU
		{03AB4F37-3BC8-445F-AF40-07574D6303F3}.Release|Any CPU.ActiveCfg = Release|Any CPU
		{03AB4F37-3BC8-445F-AF40-07574D6303F3}.Release|Any CPU.Build.0 = Release|Any CPU
		{7F791F8D-1B01-4192-B956-592F4E232CF2}.Debug|Any CPU.ActiveCfg = Debug|Any CPU
		{7F791F8D-1B01-4192-B956-592F4E232CF2}.Debug|Any CPU.Build.0 = Debug|Any CPU
		{7F791F8D-1B01-4192-B956-592F4E232CF2}.Release|Any CPU.ActiveCfg = Release|Any CPU
		{7F791F8D-1B01-4192-B956-592F4E232CF2}.Release|Any CPU.Build.0 = Release|Any CPU
		{E357C4CD-5D5E-4A80-BD07-8C6BC559A6CA}.Debug|Any CPU.ActiveCfg = Debug|Any CPU
		{E357C4CD-5D5E-4A80-BD07-8C6BC559A6CA}.Debug|Any CPU.Build.0 = Debug|Any CPU
		{E357C4CD-5D5E-4A80-BD07-8C6BC559A6CA}.Release|Any CPU.ActiveCfg = Release|Any CPU
		{E357C4CD-5D5E-4A80-BD07-8C6BC559A6CA}.Release|Any CPU.Build.0 = Release|Any CPU
		{90351CC2-1058-4179-8680-4E9793AF0133}.Debug|Any CPU.ActiveCfg = Debug|Any CPU
		{90351CC2-1058-4179-8680-4E9793AF0133}.Debug|Any CPU.Build.0 = Debug|Any CPU
		{90351CC2-1058-4179-8680-4E9793AF0133}.Release|Any CPU.ActiveCfg = Release|Any CPU
		{90351CC2-1058-4179-8680-4E9793AF0133}.Release|Any CPU.Build.0 = Release|Any CPU
	EndGlobalSection
	GlobalSection(SolutionProperties) = preSolution
		HideSolutionNode = FALSE
	EndGlobalSection
	GlobalSection(NestedProjects) = preSolution
		{148D0E29-8A94-4386-99B0-B3AAFE6C9732} = {A69CAFF6-577D-442B-B1AA-562A1F734AF1}
		{A09AE135-B483-4B75-9958-05AF7EC739EC} = {A69CAFF6-577D-442B-B1AA-562A1F734AF1}
		{9CC036AB-87EC-480C-9245-10A76537AFDC} = {A69CAFF6-577D-442B-B1AA-562A1F734AF1}
		{4905514E-39A0-407C-A771-AA3194206B17} = {A69CAFF6-577D-442B-B1AA-562A1F734AF1}
		{8054EB00-BE68-49B3-88B4-1F3F07644B47} = {A69CAFF6-577D-442B-B1AA-562A1F734AF1}
		{03AB4F37-3BC8-445F-AF40-07574D6303F3} = {5FA8877A-52D6-4FBA-8A3B-865A8D2A44E8}
		{7F791F8D-1B01-4192-B956-592F4E232CF2} = {5FA8877A-52D6-4FBA-8A3B-865A8D2A44E8}
		{E357C4CD-5D5E-4A80-BD07-8C6BC559A6CA} = {5FA8877A-52D6-4FBA-8A3B-865A8D2A44E8}
		{90351CC2-1058-4179-8680-4E9793AF0133} = {5FA8877A-52D6-4FBA-8A3B-865A8D2A44E8}
	EndGlobalSection
	GlobalSection(ExtensibilityGlobals) = postSolution
		SolutionGuid = {E64CF41F-5458-4C7B-9A87-E6CBBEA72B97}
	EndGlobalSection
EndGlobal
