
Microsoft Visual Studio Solution File, Format Version 12.00
# Visual Studio Version 17
VisualStudioVersion = 17.4.33103.184
MinimumVisualStudioVersion = 10.0.40219.1
Project("{FAE04EC0-301F-11D3-BF4B-00C04F79EFBC}") = "ByteShop.Domain", "ByteShop\ByteShop.Domain.csproj", "{4CC27285-3A42-4EB6-A409-928BCA8E5432}"
EndProject
Global
	GlobalSection(SolutionConfigurationPlatforms) = preSolution
		Debug|Any CPU = Debug|Any CPU
		Release|Any CPU = Release|Any CPU
	EndGlobalSection
	GlobalSection(ProjectConfigurationPlatforms) = postSolution
		{4CC27285-3A42-4EB6-A409-928BCA8E5432}.Debug|Any CPU.ActiveCfg = Debug|Any CPU
		{4CC27285-3A42-4EB6-A409-928BCA8E5432}.Debug|Any CPU.Build.0 = Debug|Any CPU
		{4CC27285-3A42-4EB6-A409-928BCA8E5432}.Release|Any CPU.ActiveCfg = Release|Any CPU
		{4CC27285-3A42-4EB6-A409-928BCA8E5432}.Release|Any CPU.Build.0 = Release|Any CPU
	EndGlobalSection
	GlobalSection(SolutionProperties) = preSolution
		HideSolutionNode = FALSE
	EndGlobalSection
	GlobalSection(ExtensibilityGlobals) = postSolution
		SolutionGuid = {E64CF41F-5458-4C7B-9A87-E6CBBEA72B97}
	EndGlobalSection
EndGlobal
